
Microsoft Visual Studio Solution File, Format Version 12.00
# Visual Studio Version 17
VisualStudioVersion = 17.3.32811.315
MinimumVisualStudioVersion = 10.0.40219.1
Project("{FAE04EC0-301F-11D3-BF4B-00C04F79EFBC}") = "HangmanCS", "HangmanCS.csproj", "{4DD8A2A1-E096-4168-B555-36990E3F83DC}"
EndProject
Global
	GlobalSection(SolutionConfigurationPlatforms) = preSolution
		Debug|Any CPU = Debug|Any CPU
		Release|Any CPU = Release|Any CPU
	EndGlobalSection
	GlobalSection(ProjectConfigurationPlatforms) = postSolution
		{4DD8A2A1-E096-4168-B555-36990E3F83DC}.Debug|Any CPU.ActiveCfg = Debug|Any CPU
		{4DD8A2A1-E096-4168-B555-36990E3F83DC}.Debug|Any CPU.Build.0 = Debug|Any CPU
		{4DD8A2A1-E096-4168-B555-36990E3F83DC}.Release|Any CPU.ActiveCfg = Release|Any CPU
		{4DD8A2A1-E096-4168-B555-36990E3F83DC}.Release|Any CPU.Build.0 = Release|Any CPU
	EndGlobalSection
	GlobalSection(SolutionProperties) = preSolution
		HideSolutionNode = FALSE
	EndGlobalSection
	GlobalSection(ExtensibilityGlobals) = postSolution
		SolutionGuid = {DA9E7EF5-F787-4D1A-93EE-750281E1EAAD}
	EndGlobalSection
EndGlobal
